
Microsoft Visual Studio Solution File, Format Version 12.00
# Visual Studio Version 16
VisualStudioVersion = 16.0.31515.178
MinimumVisualStudioVersion = 10.0.40219.1
Project("{9A19103F-16F7-4668-BE54-9A1E7A4F7556}") = "CrawlerProject", "CrawlerProject.csproj", "{7D65F770-C1A0-4AA2-9994-5F1332F9C280}"
EndProject
Global
	GlobalSection(SolutionConfigurationPlatforms) = preSolution
		Debug|Any CPU = Debug|Any CPU
		Release|Any CPU = Release|Any CPU
	EndGlobalSection
	GlobalSection(ProjectConfigurationPlatforms) = postSolution
		{7D65F770-C1A0-4AA2-9994-5F1332F9C280}.Debug|Any CPU.ActiveCfg = Debug|Any CPU
		{7D65F770-C1A0-4AA2-9994-5F1332F9C280}.Debug|Any CPU.Build.0 = Debug|Any CPU
		{7D65F770-C1A0-4AA2-9994-5F1332F9C280}.Release|Any CPU.ActiveCfg = Release|Any CPU
		{7D65F770-C1A0-4AA2-9994-5F1332F9C280}.Release|Any CPU.Build.0 = Release|Any CPU
	EndGlobalSection
	GlobalSection(SolutionProperties) = preSolution
		HideSolutionNode = FALSE
	EndGlobalSection
	GlobalSection(ExtensibilityGlobals) = postSolution
		SolutionGuid = {20215BA5-9A24-4F88-AC9D-000E35169A29}
	EndGlobalSection
EndGlobal
